// !$*UTF8*$!
{
	archiveVersion = 1;
	classes = {
	};
	objectVersion = 50;
	objects = {

/* Begin PBXBuildFile section */
		E5091DE4246A0B7F00BAE64F /* Date+Extensions.swift in Sources */ = {isa = PBXBuildFile; fileRef = E5091DE3246A0B7F00BAE64F /* Date+Extensions.swift */; };
		E5091DE6246A0BAA00BAE64F /* String+Extensions.swift in Sources */ = {isa = PBXBuildFile; fileRef = E5091DE5246A0BAA00BAE64F /* String+Extensions.swift */; };
		E531AA772460F27B007889B7 /* UIHelper.swift in Sources */ = {isa = PBXBuildFile; fileRef = E531AA762460F27B007889B7 /* UIHelper.swift */; };
		E531AA782460F2EE007889B7 /* FollowerListViewController.swift in Sources */ = {isa = PBXBuildFile; fileRef = E57AADE923FFB46B006E1A25 /* FollowerListViewController.swift */; };
		E531AA8024636D54007889B7 /* GFEmptyStateView.swift in Sources */ = {isa = PBXBuildFile; fileRef = E531AA7F24636D54007889B7 /* GFEmptyStateView.swift */; };
		E531AA8224648EEF007889B7 /* UserInfoViewController.swift in Sources */ = {isa = PBXBuildFile; fileRef = E531AA8124648EEF007889B7 /* UserInfoViewController.swift */; };
		E531AA842464B2DA007889B7 /* GFError.swift in Sources */ = {isa = PBXBuildFile; fileRef = E531AA832464B2DA007889B7 /* GFError.swift */; };
		E531AA862464C740007889B7 /* GFUserInfoHeaderViewController.swift in Sources */ = {isa = PBXBuildFile; fileRef = E531AA852464C740007889B7 /* GFUserInfoHeaderViewController.swift */; };
		E531AA882464C7D2007889B7 /* GFSecondaryLabel.swift in Sources */ = {isa = PBXBuildFile; fileRef = E531AA872464C7D2007889B7 /* GFSecondaryLabel.swift */; };
		E531AA8E2469D631007889B7 /* GFItemInfoView.swift in Sources */ = {isa = PBXBuildFile; fileRef = E531AA8B24677856007889B7 /* GFItemInfoView.swift */; };
		E531AA8F2469D908007889B7 /* Constants.swift in Sources */ = {isa = PBXBuildFile; fileRef = E531AA8924664A26007889B7 /* Constants.swift */; };
		E531AA912469DA5F007889B7 /* GFItemInfoViewController.swift in Sources */ = {isa = PBXBuildFile; fileRef = E531AA902469DA5F007889B7 /* GFItemInfoViewController.swift */; };
		E531AA922469FF44007889B7 /* GFTitleLabel.swift in Sources */ = {isa = PBXBuildFile; fileRef = E57AADED24038077006E1A25 /* GFTitleLabel.swift */; };
		E531AA95246A0072007889B7 /* GFRepoItemViewController.swift in Sources */ = {isa = PBXBuildFile; fileRef = E531AA932469FF86007889B7 /* GFRepoItemViewController.swift */; };
		E531AA96246A00EA007889B7 /* GFButton.swift in Sources */ = {isa = PBXBuildFile; fileRef = E532BAD323F768F600F74DAE /* GFButton.swift */; };
		E531AA98246A0152007889B7 /* GFFollowerItemViewController.swift in Sources */ = {isa = PBXBuildFile; fileRef = E531AA97246A0152007889B7 /* GFFollowerItemViewController.swift */; };
		E554F46F23F343140088979E /* AppDelegate.swift in Sources */ = {isa = PBXBuildFile; fileRef = E554F46E23F343140088979E /* AppDelegate.swift */; };
		E554F47123F343140088979E /* SceneDelegate.swift in Sources */ = {isa = PBXBuildFile; fileRef = E554F47023F343140088979E /* SceneDelegate.swift */; };
		E554F47823F343170088979E /* Assets.xcassets in Resources */ = {isa = PBXBuildFile; fileRef = E554F47723F343170088979E /* Assets.xcassets */; };
		E554F47B23F343170088979E /* LaunchScreen.storyboard in Resources */ = {isa = PBXBuildFile; fileRef = E554F47923F343170088979E /* LaunchScreen.storyboard */; };
		E5B408F023F7196100DBE0B7 /* FavoritesListViewController.swift in Sources */ = {isa = PBXBuildFile; fileRef = E5B408EF23F7196100DBE0B7 /* FavoritesListViewController.swift */; };
		E5EB4FDA2458B3DE00EFA134 /* GFAlertViewController.swift in Sources */ = {isa = PBXBuildFile; fileRef = E5FF8F2A2403870D004E7989 /* GFAlertViewController.swift */; };
		E5EB4FDE2458B83100EFA134 /* Follower.swift in Sources */ = {isa = PBXBuildFile; fileRef = E5EB4FDD2458B83100EFA134 /* Follower.swift */; };
		E5EB4FE02458B8F500EFA134 /* User.swift in Sources */ = {isa = PBXBuildFile; fileRef = E5EB4FDF2458B8F500EFA134 /* User.swift */; };
		E5EB4FE22458BC2500EFA134 /* SearchViewController.swift in Sources */ = {isa = PBXBuildFile; fileRef = E5B408ED23F718B900DBE0B7 /* SearchViewController.swift */; };
		E5EB4FE52458E8B600EFA134 /* NetworkManager.swift in Sources */ = {isa = PBXBuildFile; fileRef = E5EB4FE42458E8B600EFA134 /* NetworkManager.swift */; };
		E5EB4FE72458F39100EFA134 /* GFTextField.swift in Sources */ = {isa = PBXBuildFile; fileRef = E57AADE723F78FE4006E1A25 /* GFTextField.swift */; };
		E5EB4FED245A6BBC00EFA134 /* FollowerCell.swift in Sources */ = {isa = PBXBuildFile; fileRef = E5EB4FEC245A6BBC00EFA134 /* FollowerCell.swift */; };
		E5EB4FEF245A6C9C00EFA134 /* GFAvatarImageView.swift in Sources */ = {isa = PBXBuildFile; fileRef = E5EB4FEE245A6C9C00EFA134 /* GFAvatarImageView.swift */; };
		E5FF8F272403858D004E7989 /* GFBodyLabel.swift in Sources */ = {isa = PBXBuildFile; fileRef = E5FF8F262403858D004E7989 /* GFBodyLabel.swift */; };
		E5FF8F2D24039223004E7989 /* UIViewController+Extensions.swift in Sources */ = {isa = PBXBuildFile; fileRef = E5FF8F2C24039223004E7989 /* UIViewController+Extensions.swift */; };
/* End PBXBuildFile section */

/* Begin PBXFileReference section */
		E5091DE3246A0B7F00BAE64F /* Date+Extensions.swift */ = {isa = PBXFileReference; lastKnownFileType = sourcecode.swift; path = "Date+Extensions.swift"; sourceTree = "<group>"; };
		E5091DE5246A0BAA00BAE64F /* String+Extensions.swift */ = {isa = PBXFileReference; lastKnownFileType = sourcecode.swift; path = "String+Extensions.swift"; sourceTree = "<group>"; };
		E531AA762460F27B007889B7 /* UIHelper.swift */ = {isa = PBXFileReference; lastKnownFileType = sourcecode.swift; path = UIHelper.swift; sourceTree = "<group>"; };
		E531AA7F24636D54007889B7 /* GFEmptyStateView.swift */ = {isa = PBXFileReference; lastKnownFileType = sourcecode.swift; path = GFEmptyStateView.swift; sourceTree = "<group>"; };
		E531AA8124648EEF007889B7 /* UserInfoViewController.swift */ = {isa = PBXFileReference; lastKnownFileType = sourcecode.swift; path = UserInfoViewController.swift; sourceTree = "<group>"; };
		E531AA832464B2DA007889B7 /* GFError.swift */ = {isa = PBXFileReference; lastKnownFileType = sourcecode.swift; path = GFError.swift; sourceTree = "<group>"; };
		E531AA852464C740007889B7 /* GFUserInfoHeaderViewController.swift */ = {isa = PBXFileReference; lastKnownFileType = sourcecode.swift; path = GFUserInfoHeaderViewController.swift; sourceTree = "<group>"; };
		E531AA872464C7D2007889B7 /* GFSecondaryLabel.swift */ = {isa = PBXFileReference; lastKnownFileType = sourcecode.swift; path = GFSecondaryLabel.swift; sourceTree = "<group>"; };
		E531AA8924664A26007889B7 /* Constants.swift */ = {isa = PBXFileReference; lastKnownFileType = sourcecode.swift; path = Constants.swift; sourceTree = "<group>"; };
		E531AA8B24677856007889B7 /* GFItemInfoView.swift */ = {isa = PBXFileReference; lastKnownFileType = sourcecode.swift; path = GFItemInfoView.swift; sourceTree = "<group>"; };
		E531AA902469DA5F007889B7 /* GFItemInfoViewController.swift */ = {isa = PBXFileReference; lastKnownFileType = sourcecode.swift; path = GFItemInfoViewController.swift; sourceTree = "<group>"; };
		E531AA932469FF86007889B7 /* GFRepoItemViewController.swift */ = {isa = PBXFileReference; lastKnownFileType = sourcecode.swift; path = GFRepoItemViewController.swift; sourceTree = "<group>"; };
		E531AA97246A0152007889B7 /* GFFollowerItemViewController.swift */ = {isa = PBXFileReference; lastKnownFileType = sourcecode.swift; path = GFFollowerItemViewController.swift; sourceTree = "<group>"; };
		E532BAD323F768F600F74DAE /* GFButton.swift */ = {isa = PBXFileReference; lastKnownFileType = sourcecode.swift; path = GFButton.swift; sourceTree = "<group>"; };
		E554F46B23F343140088979E /* GHFollowers.app */ = {isa = PBXFileReference; explicitFileType = wrapper.application; includeInIndex = 0; path = GHFollowers.app; sourceTree = BUILT_PRODUCTS_DIR; };
		E554F46E23F343140088979E /* AppDelegate.swift */ = {isa = PBXFileReference; lastKnownFileType = sourcecode.swift; path = AppDelegate.swift; sourceTree = "<group>"; };
		E554F47023F343140088979E /* SceneDelegate.swift */ = {isa = PBXFileReference; lastKnownFileType = sourcecode.swift; path = SceneDelegate.swift; sourceTree = "<group>"; };
		E554F47723F343170088979E /* Assets.xcassets */ = {isa = PBXFileReference; lastKnownFileType = folder.assetcatalog; path = Assets.xcassets; sourceTree = "<group>"; };
		E554F47A23F343170088979E /* Base */ = {isa = PBXFileReference; lastKnownFileType = file.storyboard; name = Base; path = Base.lproj/LaunchScreen.storyboard; sourceTree = "<group>"; };
		E554F47C23F343170088979E /* Info.plist */ = {isa = PBXFileReference; lastKnownFileType = text.plist.xml; path = Info.plist; sourceTree = "<group>"; };
		E57AADE723F78FE4006E1A25 /* GFTextField.swift */ = {isa = PBXFileReference; lastKnownFileType = sourcecode.swift; path = GFTextField.swift; sourceTree = "<group>"; };
		E57AADE923FFB46B006E1A25 /* FollowerListViewController.swift */ = {isa = PBXFileReference; lastKnownFileType = sourcecode.swift; path = FollowerListViewController.swift; sourceTree = "<group>"; };
		E57AADED24038077006E1A25 /* GFTitleLabel.swift */ = {isa = PBXFileReference; lastKnownFileType = sourcecode.swift; path = GFTitleLabel.swift; sourceTree = "<group>"; };
		E5B408ED23F718B900DBE0B7 /* SearchViewController.swift */ = {isa = PBXFileReference; lastKnownFileType = sourcecode.swift; path = SearchViewController.swift; sourceTree = "<group>"; };
		E5B408EF23F7196100DBE0B7 /* FavoritesListViewController.swift */ = {isa = PBXFileReference; lastKnownFileType = sourcecode.swift; path = FavoritesListViewController.swift; sourceTree = "<group>"; };
		E5EB4FDD2458B83100EFA134 /* Follower.swift */ = {isa = PBXFileReference; lastKnownFileType = sourcecode.swift; path = Follower.swift; sourceTree = "<group>"; };
		E5EB4FDF2458B8F500EFA134 /* User.swift */ = {isa = PBXFileReference; lastKnownFileType = sourcecode.swift; path = User.swift; sourceTree = "<group>"; };
		E5EB4FE42458E8B600EFA134 /* NetworkManager.swift */ = {isa = PBXFileReference; lastKnownFileType = sourcecode.swift; path = NetworkManager.swift; sourceTree = "<group>"; };
		E5EB4FEC245A6BBC00EFA134 /* FollowerCell.swift */ = {isa = PBXFileReference; lastKnownFileType = sourcecode.swift; path = FollowerCell.swift; sourceTree = "<group>"; };
		E5EB4FEE245A6C9C00EFA134 /* GFAvatarImageView.swift */ = {isa = PBXFileReference; lastKnownFileType = sourcecode.swift; path = GFAvatarImageView.swift; sourceTree = "<group>"; };
		E5FF8F262403858D004E7989 /* GFBodyLabel.swift */ = {isa = PBXFileReference; lastKnownFileType = sourcecode.swift; path = GFBodyLabel.swift; sourceTree = "<group>"; };
		E5FF8F2A2403870D004E7989 /* GFAlertViewController.swift */ = {isa = PBXFileReference; lastKnownFileType = sourcecode.swift; path = GFAlertViewController.swift; sourceTree = "<group>"; };
		E5FF8F2C24039223004E7989 /* UIViewController+Extensions.swift */ = {isa = PBXFileReference; lastKnownFileType = sourcecode.swift; path = "UIViewController+Extensions.swift"; sourceTree = "<group>"; };
/* End PBXFileReference section */

/* Begin PBXFrameworksBuildPhase section */
		E554F46823F343140088979E /* Frameworks */ = {
			isa = PBXFrameworksBuildPhase;
			buildActionMask = 2147483647;
			files = (
			);
			runOnlyForDeploymentPostprocessing = 0;
		};
/* End PBXFrameworksBuildPhase section */

/* Begin PBXGroup section */
		E531AA7924636CA1007889B7 /* Views */ = {
			isa = PBXGroup;
			children = (
				E531AA7F24636D54007889B7 /* GFEmptyStateView.swift */,
				E531AA8B24677856007889B7 /* GFItemInfoView.swift */,
			);
			path = Views;
			sourceTree = "<group>";
		};
		E531AA7A24636CC5007889B7 /* Labels */ = {
			isa = PBXGroup;
			children = (
				E5FF8F262403858D004E7989 /* GFBodyLabel.swift */,
				E531AA872464C7D2007889B7 /* GFSecondaryLabel.swift */,
				E57AADED24038077006E1A25 /* GFTitleLabel.swift */,
			);
			path = Labels;
			sourceTree = "<group>";
		};
		E531AA7B24636CE4007889B7 /* ViewControllers */ = {
			isa = PBXGroup;
			children = (
				E5FF8F2A2403870D004E7989 /* GFAlertViewController.swift */,
				E531AA99246A01C2007889B7 /* ItemInfoViewControllers */,
				E531AA852464C740007889B7 /* GFUserInfoHeaderViewController.swift */,
			);
			path = ViewControllers;
			sourceTree = "<group>";
		};
		E531AA7C24636CF2007889B7 /* ImageViews */ = {
			isa = PBXGroup;
			children = (
				E5EB4FEE245A6C9C00EFA134 /* GFAvatarImageView.swift */,
			);
			path = ImageViews;
			sourceTree = "<group>";
		};
		E531AA7D24636CF9007889B7 /* TextFields */ = {
			isa = PBXGroup;
			children = (
				E57AADE723F78FE4006E1A25 /* GFTextField.swift */,
			);
			path = TextFields;
			sourceTree = "<group>";
		};
		E531AA7E24636CFE007889B7 /* Buttons */ = {
			isa = PBXGroup;
			children = (
				E532BAD323F768F600F74DAE /* GFButton.swift */,
			);
			path = Buttons;
			sourceTree = "<group>";
		};
		E531AA99246A01C2007889B7 /* ItemInfoViewControllers */ = {
			isa = PBXGroup;
			children = (
				E531AA97246A0152007889B7 /* GFFollowerItemViewController.swift */,
				E531AA902469DA5F007889B7 /* GFItemInfoViewController.swift */,
				E531AA932469FF86007889B7 /* GFRepoItemViewController.swift */,
			);
			path = ItemInfoViewControllers;
			sourceTree = "<group>";
		};
		E554F46223F343130088979E = {
			isa = PBXGroup;
			children = (
				E554F46D23F343140088979E /* GHFollowers */,
				E554F46C23F343140088979E /* Products */,
			);
			sourceTree = "<group>";
		};
		E554F46C23F343140088979E /* Products */ = {
			isa = PBXGroup;
			children = (
				E554F46B23F343140088979E /* GHFollowers.app */,
			);
			name = Products;
			sourceTree = "<group>";
		};
		E554F46D23F343140088979E /* GHFollowers */ = {
			isa = PBXGroup;
			children = (
				E5EB4FE8245A135000EFA134 /* Utilities */,
				E5EB4FE32458E8A500EFA134 /* Managers */,
				E5EB4FDC2458B82100EFA134 /* Model */,
				E5EB4FD92457B67800EFA134 /* Custom Views */,
				E5EB4FD824578D0700EFA134 /* Extensions */,
				E5EB4FD724578CE800EFA134 /* Screens */,
				E5EB4FDB2458B3FC00EFA134 /* Support */,
				E554F47C23F343170088979E /* Info.plist */,
			);
			path = GHFollowers;
			sourceTree = "<group>";
		};
		E5EB4FD724578CE800EFA134 /* Screens */ = {
			isa = PBXGroup;
			children = (
				E5B408EF23F7196100DBE0B7 /* FavoritesListViewController.swift */,
				E57AADE923FFB46B006E1A25 /* FollowerListViewController.swift */,
				E5B408ED23F718B900DBE0B7 /* SearchViewController.swift */,
				E531AA8124648EEF007889B7 /* UserInfoViewController.swift */,
			);
			path = Screens;
			sourceTree = "<group>";
		};
		E5EB4FD824578D0700EFA134 /* Extensions */ = {
			isa = PBXGroup;
			children = (
				E5091DE3246A0B7F00BAE64F /* Date+Extensions.swift */,
				E5091DE5246A0BAA00BAE64F /* String+Extensions.swift */,
				E5FF8F2C24039223004E7989 /* UIViewController+Extensions.swift */,
			);
			path = Extensions;
			sourceTree = "<group>";
		};
		E5EB4FD92457B67800EFA134 /* Custom Views */ = {
			isa = PBXGroup;
			children = (
				E531AA7E24636CFE007889B7 /* Buttons */,
				E5EB4FEB245A6B9100EFA134 /* Cells */,
				E531AA7C24636CF2007889B7 /* ImageViews */,
				E531AA7A24636CC5007889B7 /* Labels */,
				E531AA7D24636CF9007889B7 /* TextFields */,
				E531AA7B24636CE4007889B7 /* ViewControllers */,
				E531AA7924636CA1007889B7 /* Views */,
			);
			path = "Custom Views";
			sourceTree = "<group>";
		};
		E5EB4FDB2458B3FC00EFA134 /* Support */ = {
			isa = PBXGroup;
			children = (
				E554F47923F343170088979E /* LaunchScreen.storyboard */,
				E554F47023F343140088979E /* SceneDelegate.swift */,
				E554F46E23F343140088979E /* AppDelegate.swift */,
				E554F47723F343170088979E /* Assets.xcassets */,
			);
			path = Support;
			sourceTree = "<group>";
		};
		E5EB4FDC2458B82100EFA134 /* Model */ = {
			isa = PBXGroup;
			children = (
				E5EB4FDD2458B83100EFA134 /* Follower.swift */,
				E5EB4FDF2458B8F500EFA134 /* User.swift */,
			);
			path = Model;
			sourceTree = "<group>";
		};
		E5EB4FE32458E8A500EFA134 /* Managers */ = {
			isa = PBXGroup;
			children = (
				E5EB4FE42458E8B600EFA134 /* NetworkManager.swift */,
			);
			path = Managers;
			sourceTree = "<group>";
		};
		E5EB4FE8245A135000EFA134 /* Utilities */ = {
			isa = PBXGroup;
			children = (
				E531AA832464B2DA007889B7 /* GFError.swift */,
				E531AA8924664A26007889B7 /* Constants.swift */,
				E531AA762460F27B007889B7 /* UIHelper.swift */,
			);
			path = Utilities;
			sourceTree = "<group>";
		};
		E5EB4FEB245A6B9100EFA134 /* Cells */ = {
			isa = PBXGroup;
			children = (
				E5EB4FEC245A6BBC00EFA134 /* FollowerCell.swift */,
			);
			path = Cells;
			sourceTree = "<group>";
		};
/* End PBXGroup section */

/* Begin PBXNativeTarget section */
		E554F46A23F343140088979E /* GHFollowers */ = {
			isa = PBXNativeTarget;
			buildConfigurationList = E554F47F23F343170088979E /* Build configuration list for PBXNativeTarget "GHFollowers" */;
			buildPhases = (
				E554F46723F343140088979E /* Sources */,
				E554F46823F343140088979E /* Frameworks */,
				E554F46923F343140088979E /* Resources */,
			);
			buildRules = (
			);
			dependencies = (
			);
			name = GHFollowers;
			productName = GHFollowers;
			productReference = E554F46B23F343140088979E /* GHFollowers.app */;
			productType = "com.apple.product-type.application";
		};
/* End PBXNativeTarget section */

/* Begin PBXProject section */
		E554F46323F343130088979E /* Project object */ = {
			isa = PBXProject;
			attributes = {
				LastSwiftUpdateCheck = 1130;
				LastUpgradeCheck = 1130;
				ORGANIZATIONNAME = "Addman Corp";
				TargetAttributes = {
					E554F46A23F343140088979E = {
						CreatedOnToolsVersion = 11.3.1;
					};
				};
			};
			buildConfigurationList = E554F46623F343130088979E /* Build configuration list for PBXProject "GHFollowers" */;
			compatibilityVersion = "Xcode 9.3";
			developmentRegion = en;
			hasScannedForEncodings = 0;
			knownRegions = (
				en,
				Base,
			);
			mainGroup = E554F46223F343130088979E;
			productRefGroup = E554F46C23F343140088979E /* Products */;
			projectDirPath = "";
			projectRoot = "";
			targets = (
				E554F46A23F343140088979E /* GHFollowers */,
			);
		};
/* End PBXProject section */

/* Begin PBXResourcesBuildPhase section */
		E554F46923F343140088979E /* Resources */ = {
			isa = PBXResourcesBuildPhase;
			buildActionMask = 2147483647;
			files = (
				E554F47B23F343170088979E /* LaunchScreen.storyboard in Resources */,
				E554F47823F343170088979E /* Assets.xcassets in Resources */,
			);
			runOnlyForDeploymentPostprocessing = 0;
		};
/* End PBXResourcesBuildPhase section */

/* Begin PBXSourcesBuildPhase section */
		E554F46723F343140088979E /* Sources */ = {
			isa = PBXSourcesBuildPhase;
			buildActionMask = 2147483647;
			files = (
				E531AA882464C7D2007889B7 /* GFSecondaryLabel.swift in Sources */,
				E5EB4FE02458B8F500EFA134 /* User.swift in Sources */,
				E5B408F023F7196100DBE0B7 /* FavoritesListViewController.swift in Sources */,
				E531AA782460F2EE007889B7 /* FollowerListViewController.swift in Sources */,
				E5FF8F272403858D004E7989 /* GFBodyLabel.swift in Sources */,
				E5EB4FDA2458B3DE00EFA134 /* GFAlertViewController.swift in Sources */,
				E531AA98246A0152007889B7 /* GFFollowerItemViewController.swift in Sources */,
				E531AA95246A0072007889B7 /* GFRepoItemViewController.swift in Sources */,
				E5FF8F2D24039223004E7989 /* UIViewController+Extensions.swift in Sources */,
				E5091DE4246A0B7F00BAE64F /* Date+Extensions.swift in Sources */,
				E531AA772460F27B007889B7 /* UIHelper.swift in Sources */,
				E5EB4FEF245A6C9C00EFA134 /* GFAvatarImageView.swift in Sources */,
				E531AA8E2469D631007889B7 /* GFItemInfoView.swift in Sources */,
				E531AA862464C740007889B7 /* GFUserInfoHeaderViewController.swift in Sources */,
				E5EB4FDE2458B83100EFA134 /* Follower.swift in Sources */,
				E5EB4FE72458F39100EFA134 /* GFTextField.swift in Sources */,
				E5EB4FED245A6BBC00EFA134 /* FollowerCell.swift in Sources */,
				E531AA842464B2DA007889B7 /* GFError.swift in Sources */,
				E5EB4FE22458BC2500EFA134 /* SearchViewController.swift in Sources */,
				E531AA8024636D54007889B7 /* GFEmptyStateView.swift in Sources */,
				E5EB4FE52458E8B600EFA134 /* NetworkManager.swift in Sources */,
				E531AA8224648EEF007889B7 /* UserInfoViewController.swift in Sources */,
				E531AA912469DA5F007889B7 /* GFItemInfoViewController.swift in Sources */,
				E554F46F23F343140088979E /* AppDelegate.swift in Sources */,
				E5091DE6246A0BAA00BAE64F /* String+Extensions.swift in Sources */,
				E554F47123F343140088979E /* SceneDelegate.swift in Sources */,
				E531AA922469FF44007889B7 /* GFTitleLabel.swift in Sources */,
				E531AA96246A00EA007889B7 /* GFButton.swift in Sources */,
				E531AA8F2469D908007889B7 /* Constants.swift in Sources */,
			);
			runOnlyForDeploymentPostprocessing = 0;
		};
/* End PBXSourcesBuildPhase section */

/* Begin PBXVariantGroup section */
		E554F47923F343170088979E /* LaunchScreen.storyboard */ = {
			isa = PBXVariantGroup;
			children = (
				E554F47A23F343170088979E /* Base */,
			);
			name = LaunchScreen.storyboard;
			sourceTree = "<group>";
		};
/* End PBXVariantGroup section */

/* Begin XCBuildConfiguration section */
		E554F47D23F343170088979E /* Debug */ = {
			isa = XCBuildConfiguration;
			buildSettings = {
				ALWAYS_SEARCH_USER_PATHS = NO;
				CLANG_ANALYZER_NONNULL = YES;
				CLANG_ANALYZER_NUMBER_OBJECT_CONVERSION = YES_AGGRESSIVE;
				CLANG_CXX_LANGUAGE_STANDARD = "gnu++14";
				CLANG_CXX_LIBRARY = "libc++";
				CLANG_ENABLE_MODULES = YES;
				CLANG_ENABLE_OBJC_ARC = YES;
				CLANG_ENABLE_OBJC_WEAK = YES;
				CLANG_WARN_BLOCK_CAPTURE_AUTORELEASING = YES;
				CLANG_WARN_BOOL_CONVERSION = YES;
				CLANG_WARN_COMMA = YES;
				CLANG_WARN_CONSTANT_CONVERSION = YES;
				CLANG_WARN_DEPRECATED_OBJC_IMPLEMENTATIONS = YES;
				CLANG_WARN_DIRECT_OBJC_ISA_USAGE = YES_ERROR;
				CLANG_WARN_DOCUMENTATION_COMMENTS = YES;
				CLANG_WARN_EMPTY_BODY = YES;
				CLANG_WARN_ENUM_CONVERSION = YES;
				CLANG_WARN_INFINITE_RECURSION = YES;
				CLANG_WARN_INT_CONVERSION = YES;
				CLANG_WARN_NON_LITERAL_NULL_CONVERSION = YES;
				CLANG_WARN_OBJC_IMPLICIT_RETAIN_SELF = YES;
				CLANG_WARN_OBJC_LITERAL_CONVERSION = YES;
				CLANG_WARN_OBJC_ROOT_CLASS = YES_ERROR;
				CLANG_WARN_RANGE_LOOP_ANALYSIS = YES;
				CLANG_WARN_STRICT_PROTOTYPES = YES;
				CLANG_WARN_SUSPICIOUS_MOVE = YES;
				CLANG_WARN_UNGUARDED_AVAILABILITY = YES_AGGRESSIVE;
				CLANG_WARN_UNREACHABLE_CODE = YES;
				CLANG_WARN__DUPLICATE_METHOD_MATCH = YES;
				COPY_PHASE_STRIP = NO;
				DEBUG_INFORMATION_FORMAT = dwarf;
				ENABLE_STRICT_OBJC_MSGSEND = YES;
				ENABLE_TESTABILITY = YES;
				GCC_C_LANGUAGE_STANDARD = gnu11;
				GCC_DYNAMIC_NO_PIC = NO;
				GCC_NO_COMMON_BLOCKS = YES;
				GCC_OPTIMIZATION_LEVEL = 0;
				GCC_PREPROCESSOR_DEFINITIONS = (
					"DEBUG=1",
					"$(inherited)",
				);
				GCC_WARN_64_TO_32_BIT_CONVERSION = YES;
				GCC_WARN_ABOUT_RETURN_TYPE = YES_ERROR;
				GCC_WARN_UNDECLARED_SELECTOR = YES;
				GCC_WARN_UNINITIALIZED_AUTOS = YES_AGGRESSIVE;
				GCC_WARN_UNUSED_FUNCTION = YES;
				GCC_WARN_UNUSED_VARIABLE = YES;
				IPHONEOS_DEPLOYMENT_TARGET = 13.2;
				MTL_ENABLE_DEBUG_INFO = INCLUDE_SOURCE;
				MTL_FAST_MATH = YES;
				ONLY_ACTIVE_ARCH = YES;
				SDKROOT = iphoneos;
				SWIFT_ACTIVE_COMPILATION_CONDITIONS = DEBUG;
				SWIFT_OPTIMIZATION_LEVEL = "-Onone";
			};
			name = Debug;
		};
		E554F47E23F343170088979E /* Release */ = {
			isa = XCBuildConfiguration;
			buildSettings = {
				ALWAYS_SEARCH_USER_PATHS = NO;
				CLANG_ANALYZER_NONNULL = YES;
				CLANG_ANALYZER_NUMBER_OBJECT_CONVERSION = YES_AGGRESSIVE;
				CLANG_CXX_LANGUAGE_STANDARD = "gnu++14";
				CLANG_CXX_LIBRARY = "libc++";
				CLANG_ENABLE_MODULES = YES;
				CLANG_ENABLE_OBJC_ARC = YES;
				CLANG_ENABLE_OBJC_WEAK = YES;
				CLANG_WARN_BLOCK_CAPTURE_AUTORELEASING = YES;
				CLANG_WARN_BOOL_CONVERSION = YES;
				CLANG_WARN_COMMA = YES;
				CLANG_WARN_CONSTANT_CONVERSION = YES;
				CLANG_WARN_DEPRECATED_OBJC_IMPLEMENTATIONS = YES;
				CLANG_WARN_DIRECT_OBJC_ISA_USAGE = YES_ERROR;
				CLANG_WARN_DOCUMENTATION_COMMENTS = YES;
				CLANG_WARN_EMPTY_BODY = YES;
				CLANG_WARN_ENUM_CONVERSION = YES;
				CLANG_WARN_INFINITE_RECURSION = YES;
				CLANG_WARN_INT_CONVERSION = YES;
				CLANG_WARN_NON_LITERAL_NULL_CONVERSION = YES;
				CLANG_WARN_OBJC_IMPLICIT_RETAIN_SELF = YES;
				CLANG_WARN_OBJC_LITERAL_CONVERSION = YES;
				CLANG_WARN_OBJC_ROOT_CLASS = YES_ERROR;
				CLANG_WARN_RANGE_LOOP_ANALYSIS = YES;
				CLANG_WARN_STRICT_PROTOTYPES = YES;
				CLANG_WARN_SUSPICIOUS_MOVE = YES;
				CLANG_WARN_UNGUARDED_AVAILABILITY = YES_AGGRESSIVE;
				CLANG_WARN_UNREACHABLE_CODE = YES;
				CLANG_WARN__DUPLICATE_METHOD_MATCH = YES;
				COPY_PHASE_STRIP = NO;
				DEBUG_INFORMATION_FORMAT = "dwarf-with-dsym";
				ENABLE_NS_ASSERTIONS = NO;
				ENABLE_STRICT_OBJC_MSGSEND = YES;
				GCC_C_LANGUAGE_STANDARD = gnu11;
				GCC_NO_COMMON_BLOCKS = YES;
				GCC_WARN_64_TO_32_BIT_CONVERSION = YES;
				GCC_WARN_ABOUT_RETURN_TYPE = YES_ERROR;
				GCC_WARN_UNDECLARED_SELECTOR = YES;
				GCC_WARN_UNINITIALIZED_AUTOS = YES_AGGRESSIVE;
				GCC_WARN_UNUSED_FUNCTION = YES;
				GCC_WARN_UNUSED_VARIABLE = YES;
				IPHONEOS_DEPLOYMENT_TARGET = 13.2;
				MTL_ENABLE_DEBUG_INFO = NO;
				MTL_FAST_MATH = YES;
				SDKROOT = iphoneos;
				SWIFT_COMPILATION_MODE = wholemodule;
				SWIFT_OPTIMIZATION_LEVEL = "-O";
				VALIDATE_PRODUCT = YES;
			};
			name = Release;
		};
		E554F48023F343170088979E /* Debug */ = {
			isa = XCBuildConfiguration;
			buildSettings = {
				ASSETCATALOG_COMPILER_APPICON_NAME = AppIcon;
				CODE_SIGN_STYLE = Automatic;
				DEVELOPMENT_TEAM = FK4RW7EF3V;
				INFOPLIST_FILE = GHFollowers/Info.plist;
				LD_RUNPATH_SEARCH_PATHS = (
					"$(inherited)",
					"@executable_path/Frameworks",
				);
				PRODUCT_BUNDLE_IDENTIFIER = com.addmancorp.GHFollowers;
				PRODUCT_NAME = "$(TARGET_NAME)";
				SWIFT_VERSION = 5.0;
				TARGETED_DEVICE_FAMILY = "1,2";
			};
			name = Debug;
		};
		E554F48123F343170088979E /* Release */ = {
			isa = XCBuildConfiguration;
			buildSettings = {
				ASSETCATALOG_COMPILER_APPICON_NAME = AppIcon;
				CODE_SIGN_STYLE = Automatic;
				DEVELOPMENT_TEAM = FK4RW7EF3V;
				INFOPLIST_FILE = GHFollowers/Info.plist;
				LD_RUNPATH_SEARCH_PATHS = (
					"$(inherited)",
					"@executable_path/Frameworks",
				);
				PRODUCT_BUNDLE_IDENTIFIER = com.addmancorp.GHFollowers;
				PRODUCT_NAME = "$(TARGET_NAME)";
				SWIFT_VERSION = 5.0;
				TARGETED_DEVICE_FAMILY = "1,2";
			};
			name = Release;
		};
/* End XCBuildConfiguration section */

/* Begin XCConfigurationList section */
		E554F46623F343130088979E /* Build configuration list for PBXProject "GHFollowers" */ = {
			isa = XCConfigurationList;
			buildConfigurations = (
				E554F47D23F343170088979E /* Debug */,
				E554F47E23F343170088979E /* Release */,
			);
			defaultConfigurationIsVisible = 0;
			defaultConfigurationName = Release;
		};
		E554F47F23F343170088979E /* Build configuration list for PBXNativeTarget "GHFollowers" */ = {
			isa = XCConfigurationList;
			buildConfigurations = (
				E554F48023F343170088979E /* Debug */,
				E554F48123F343170088979E /* Release */,
			);
			defaultConfigurationIsVisible = 0;
			defaultConfigurationName = Release;
		};
/* End XCConfigurationList section */
	};
	rootObject = E554F46323F343130088979E /* Project object */;
}
